
Microsoft Visual Studio Solution File, Format Version 12.00
# Visual Studio Version 17
VisualStudioVersion = 17.14.36301.6 d17.14
MinimumVisualStudioVersion = 10.0.40219.1
Project("{FAE04EC0-301F-11D3-BF4B-00C04F79EFBC}") = "Lasa Sayılar", "Lasa Sayılar\Lasa Sayılar.csproj", "{195E6DC4-731F-45F9-B555-1E2231DCA7D2}"
EndProject
Global
	GlobalSection(SolutionConfigurationPlatforms) = preSolution
		Debug|Any CPU = Debug|Any CPU
		Release|Any CPU = Release|Any CPU
	EndGlobalSection
	GlobalSection(ProjectConfigurationPlatforms) = postSolution
		{195E6DC4-731F-45F9-B555-1E2231DCA7D2}.Debug|Any CPU.ActiveCfg = Debug|Any CPU
		{195E6DC4-731F-45F9-B555-1E2231DCA7D2}.Debug|Any CPU.Build.0 = Debug|Any CPU
		{195E6DC4-731F-45F9-B555-1E2231DCA7D2}.Release|Any CPU.ActiveCfg = Release|Any CPU
		{195E6DC4-731F-45F9-B555-1E2231DCA7D2}.Release|Any CPU.Build.0 = Release|Any CPU
	EndGlobalSection
	GlobalSection(SolutionProperties) = preSolution
		HideSolutionNode = FALSE
	EndGlobalSection
	GlobalSection(ExtensibilityGlobals) = postSolution
		SolutionGuid = {344E54B4-AE9A-4E25-89CB-19E659D9D06F}
	EndGlobalSection
EndGlobal
